
Microsoft Visual Studio Solution File, Format Version 12.00
# Visual Studio Version 17
VisualStudioVersion = 17.1.32414.318
MinimumVisualStudioVersion = 10.0.40219.1
Project("{FAE04EC0-301F-11D3-BF4B-00C04F79EFBC}") = "DataStructureExercise", "DataStructureExercise\DataStructureExercise.csproj", "{67B9B88F-35CB-42F2-90E2-B46BE26C0188}"
EndProject
Global
	GlobalSection(SolutionConfigurationPlatforms) = preSolution
		Debug|Any CPU = Debug|Any CPU
		Release|Any CPU = Release|Any CPU
	EndGlobalSection
	GlobalSection(ProjectConfigurationPlatforms) = postSolution
		{67B9B88F-35CB-42F2-90E2-B46BE26C0188}.Debug|Any CPU.ActiveCfg = Debug|Any CPU
		{67B9B88F-35CB-42F2-90E2-B46BE26C0188}.Debug|Any CPU.Build.0 = Debug|Any CPU
		{67B9B88F-35CB-42F2-90E2-B46BE26C0188}.Release|Any CPU.ActiveCfg = Release|Any CPU
		{67B9B88F-35CB-42F2-90E2-B46BE26C0188}.Release|Any CPU.Build.0 = Release|Any CPU
	EndGlobalSection
	GlobalSection(SolutionProperties) = preSolution
		HideSolutionNode = FALSE
	EndGlobalSection
	GlobalSection(ExtensibilityGlobals) = postSolution
		SolutionGuid = {259F3175-5741-4CAE-A056-56C8B3A01B25}
	EndGlobalSection
EndGlobal
